
Microsoft Visual Studio Solution File, Format Version 12.00
# Visual Studio Version 17
VisualStudioVersion = 17.4.33103.184
MinimumVisualStudioVersion = 10.0.40219.1
Project("{9A19103F-16F7-4668-BE54-9A1E7A4F7556}") = "CsharpForm", "CsharpForm.csproj", "{5E694271-195F-4E40-A127-2F72A44B991A}"
EndProject
Project("{2150E333-8FDC-42A3-9474-1A3956D46DE8}") = "Solution Items", "Solution Items", "{F38F8752-7436-4D03-B9F5-41F1E84FCD20}"
	ProjectSection(SolutionItems) = preProject
		.editorconfig = .editorconfig
	EndProjectSection
EndProject
Global
	GlobalSection(SolutionConfigurationPlatforms) = preSolution
		Debug|Any CPU = Debug|Any CPU
		Release|Any CPU = Release|Any CPU
	EndGlobalSection
	GlobalSection(ProjectConfigurationPlatforms) = postSolution
		{5E694271-195F-4E40-A127-2F72A44B991A}.Debug|Any CPU.ActiveCfg = Debug|Any CPU
		{5E694271-195F-4E40-A127-2F72A44B991A}.Debug|Any CPU.Build.0 = Debug|Any CPU
		{5E694271-195F-4E40-A127-2F72A44B991A}.Release|Any CPU.ActiveCfg = Release|Any CPU
		{5E694271-195F-4E40-A127-2F72A44B991A}.Release|Any CPU.Build.0 = Release|Any CPU
	EndGlobalSection
	GlobalSection(SolutionProperties) = preSolution
		HideSolutionNode = FALSE
	EndGlobalSection
	GlobalSection(ExtensibilityGlobals) = postSolution
		SolutionGuid = {7D454EE0-4E91-4ABD-9C2B-B728E167649D}
	EndGlobalSection
EndGlobal
